// !$*UTF8*$!
{
	archiveVersion = 1;
	classes = {
	};
	objectVersion = 55;
	objects = {

/* Begin PBXBuildFile section */
		C904E5D4283002A5009834DB /* main.cpp in Sources */ = {isa = PBXBuildFile; fileRef = C904E5D3283002A5009834DB /* main.cpp */; };
		C904E5DD28300330009834DB /* linkedList.cpp in Sources */ = {isa = PBXBuildFile; fileRef = C904E5DB28300330009834DB /* linkedList.cpp */; };
		C976FB492830567E00709BAB /* main.cpp in Sources */ = {isa = PBXBuildFile; fileRef = C976FB482830567E00709BAB /* main.cpp */; };
		C9B15151283173BD00C5979C /* main.cpp in Sources */ = {isa = PBXBuildFile; fileRef = C9B15150283173BD00C5979C /* main.cpp */; };
		C9E02791283102F00045B35A /* main.cpp in Sources */ = {isa = PBXBuildFile; fileRef = C9E02790283102F00045B35A /* main.cpp */; };
		C9E0279C2831131A0045B35A /* gpa.cpp in Sources */ = {isa = PBXBuildFile; fileRef = C9E0279A2831131A0045B35A /* gpa.cpp */; };
		C9E027A628311B330045B35A /* main.cpp in Sources */ = {isa = PBXBuildFile; fileRef = C9E027A528311B330045B35A /* main.cpp */; };
		C9E7B7872832B4460062508A /* circularDoubleLinkedList.cpp in Sources */ = {isa = PBXBuildFile; fileRef = C9E7B7852832B4460062508A /* circularDoubleLinkedList.cpp */; };
/* End PBXBuildFile section */

/* Begin PBXCopyFilesBuildPhase section */
		C904E5CE283002A5009834DB /* CopyFiles */ = {
			isa = PBXCopyFilesBuildPhase;
			buildActionMask = 2147483647;
			dstPath = /usr/share/man/man1/;
			dstSubfolderSpec = 0;
			files = (
			);
			runOnlyForDeploymentPostprocessing = 1;
		};
		C976FB442830567E00709BAB /* CopyFiles */ = {
			isa = PBXCopyFilesBuildPhase;
			buildActionMask = 2147483647;
			dstPath = /usr/share/man/man1/;
			dstSubfolderSpec = 0;
			files = (
			);
			runOnlyForDeploymentPostprocessing = 1;
		};
		C9B1514C283173BD00C5979C /* CopyFiles */ = {
			isa = PBXCopyFilesBuildPhase;
			buildActionMask = 2147483647;
			dstPath = /usr/share/man/man1/;
			dstSubfolderSpec = 0;
			files = (
			);
			runOnlyForDeploymentPostprocessing = 1;
		};
		C9E0278C283102F00045B35A /* CopyFiles */ = {
			isa = PBXCopyFilesBuildPhase;
			buildActionMask = 2147483647;
			dstPath = /usr/share/man/man1/;
			dstSubfolderSpec = 0;
			files = (
			);
			runOnlyForDeploymentPostprocessing = 1;
		};
		C9E027A128311B330045B35A /* CopyFiles */ = {
			isa = PBXCopyFilesBuildPhase;
			buildActionMask = 2147483647;
			dstPath = /usr/share/man/man1/;
			dstSubfolderSpec = 0;
			files = (
			);
			runOnlyForDeploymentPostprocessing = 1;
		};
/* End PBXCopyFilesBuildPhase section */

/* Begin PBXFileReference section */
		C904E5D0283002A5009834DB /* linked_list */ = {isa = PBXFileReference; explicitFileType = "compiled.mach-o.executable"; includeInIndex = 0; path = linked_list; sourceTree = BUILT_PRODUCTS_DIR; };
		C904E5D3283002A5009834DB /* main.cpp */ = {isa = PBXFileReference; lastKnownFileType = sourcecode.cpp.cpp; path = main.cpp; sourceTree = "<group>"; };
		C904E5DB28300330009834DB /* linkedList.cpp */ = {isa = PBXFileReference; lastKnownFileType = sourcecode.cpp.cpp; path = linkedList.cpp; sourceTree = "<group>"; };
		C904E5DC28300330009834DB /* linkedList.hpp */ = {isa = PBXFileReference; lastKnownFileType = sourcecode.cpp.h; path = linkedList.hpp; sourceTree = "<group>"; };
		C904E5DE28301AED009834DB /* main.cpp */ = {isa = PBXFileReference; lastKnownFileType = sourcecode.cpp.cpp; path = main.cpp; sourceTree = "<group>"; };
		C904E5E42830344F009834DB /* unorderedLinkedList.hpp */ = {isa = PBXFileReference; lastKnownFileType = sourcecode.cpp.h; path = unorderedLinkedList.hpp; sourceTree = "<group>"; };
		C904E5E728304075009834DB /* linkedListMastered.hpp */ = {isa = PBXFileReference; lastKnownFileType = sourcecode.cpp.h; path = linkedListMastered.hpp; sourceTree = "<group>"; };
		C976FB462830567E00709BAB /* recursion */ = {isa = PBXFileReference; explicitFileType = "compiled.mach-o.executable"; includeInIndex = 0; path = recursion; sourceTree = BUILT_PRODUCTS_DIR; };
		C976FB482830567E00709BAB /* main.cpp */ = {isa = PBXFileReference; lastKnownFileType = sourcecode.cpp.cpp; path = main.cpp; sourceTree = "<group>"; };
		C9B1514E283173BD00C5979C /* csv */ = {isa = PBXFileReference; explicitFileType = "compiled.mach-o.executable"; includeInIndex = 0; path = csv; sourceTree = BUILT_PRODUCTS_DIR; };
		C9B15150283173BD00C5979C /* main.cpp */ = {isa = PBXFileReference; lastKnownFileType = sourcecode.cpp.cpp; path = main.cpp; sourceTree = "<group>"; };
		C9B15156283173E700C5979C /* readCsv.h */ = {isa = PBXFileReference; lastKnownFileType = sourcecode.c.h; path = readCsv.h; sourceTree = "<group>"; };
		C9B151572831755C00C5979C /* iris.csv */ = {isa = PBXFileReference; fileEncoding = 4; lastKnownFileType = text; path = iris.csv; sourceTree = "<group>"; };
		C9E027892830F5080045B35A /* rec_algs.h */ = {isa = PBXFileReference; lastKnownFileType = sourcecode.c.h; path = rec_algs.h; sourceTree = "<group>"; };
		C9E0278E283102F00045B35A /* stack */ = {isa = PBXFileReference; explicitFileType = "compiled.mach-o.executable"; includeInIndex = 0; path = stack; sourceTree = BUILT_PRODUCTS_DIR; };
		C9E02790283102F00045B35A /* main.cpp */ = {isa = PBXFileReference; lastKnownFileType = sourcecode.cpp.cpp; path = main.cpp; sourceTree = "<group>"; };
		C9E027962831030C0045B35A /* stackType.hpp */ = {isa = PBXFileReference; lastKnownFileType = sourcecode.cpp.h; path = stackType.hpp; sourceTree = "<group>"; };
		C9E02798283111880045B35A /* stackADT.h */ = {isa = PBXFileReference; lastKnownFileType = sourcecode.c.h; path = stackADT.h; sourceTree = "<group>"; };
		C9E0279A2831131A0045B35A /* gpa.cpp */ = {isa = PBXFileReference; lastKnownFileType = sourcecode.cpp.cpp; path = gpa.cpp; sourceTree = "<group>"; };
		C9E0279D283113630045B35A /* input.txt */ = {isa = PBXFileReference; lastKnownFileType = text; path = input.txt; sourceTree = "<group>"; };
		C9E0279E2831137F0045B35A /* Readme.md */ = {isa = PBXFileReference; lastKnownFileType = net.daringfireball.markdown; path = Readme.md; sourceTree = "<group>"; };
		C9E027A328311B330045B35A /* queue */ = {isa = PBXFileReference; explicitFileType = "compiled.mach-o.executable"; includeInIndex = 0; path = queue; sourceTree = BUILT_PRODUCTS_DIR; };
		C9E027A528311B330045B35A /* main.cpp */ = {isa = PBXFileReference; lastKnownFileType = sourcecode.cpp.cpp; path = main.cpp; sourceTree = "<group>"; };
		C9E7B7852832B4460062508A /* circularDoubleLinkedList.cpp */ = {isa = PBXFileReference; lastKnownFileType = sourcecode.cpp.cpp; path = circularDoubleLinkedList.cpp; sourceTree = "<group>"; };
		C9E7B7862832B4460062508A /* circularDoubleLinkedList.hpp */ = {isa = PBXFileReference; lastKnownFileType = sourcecode.cpp.h; path = circularDoubleLinkedList.hpp; sourceTree = "<group>"; };
/* End PBXFileReference section */

/* Begin PBXFrameworksBuildPhase section */
		C904E5CD283002A5009834DB /* Frameworks */ = {
			isa = PBXFrameworksBuildPhase;
			buildActionMask = 2147483647;
			files = (
			);
			runOnlyForDeploymentPostprocessing = 0;
		};
		C976FB432830567E00709BAB /* Frameworks */ = {
			isa = PBXFrameworksBuildPhase;
			buildActionMask = 2147483647;
			files = (
			);
			runOnlyForDeploymentPostprocessing = 0;
		};
		C9B1514B283173BD00C5979C /* Frameworks */ = {
			isa = PBXFrameworksBuildPhase;
			buildActionMask = 2147483647;
			files = (
			);
			runOnlyForDeploymentPostprocessing = 0;
		};
		C9E0278B283102F00045B35A /* Frameworks */ = {
			isa = PBXFrameworksBuildPhase;
			buildActionMask = 2147483647;
			files = (
			);
			runOnlyForDeploymentPostprocessing = 0;
		};
		C9E027A028311B330045B35A /* Frameworks */ = {
			isa = PBXFrameworksBuildPhase;
			buildActionMask = 2147483647;
			files = (
			);
			runOnlyForDeploymentPostprocessing = 0;
		};
/* End PBXFrameworksBuildPhase section */

/* Begin PBXGroup section */
		C904E5C7283002A5009834DB = {
			isa = PBXGroup;
			children = (
				C904E5D2283002A5009834DB /* data_structures */,
				C976FB472830567E00709BAB /* recursion */,
				C9E0278F283102F00045B35A /* stack */,
				C9E027A428311B330045B35A /* queue */,
				C9B1514F283173BD00C5979C /* csv */,
				C904E5D1283002A5009834DB /* Products */,
			);
			sourceTree = "<group>";
		};
		C904E5D1283002A5009834DB /* Products */ = {
			isa = PBXGroup;
			children = (
				C904E5D0283002A5009834DB /* linked_list */,
				C976FB462830567E00709BAB /* recursion */,
				C9E0278E283102F00045B35A /* stack */,
				C9E027A328311B330045B35A /* queue */,
				C9B1514E283173BD00C5979C /* csv */,
			);
			name = Products;
			sourceTree = "<group>";
		};
		C904E5D2283002A5009834DB /* data_structures */ = {
			isa = PBXGroup;
			children = (
				C9E7B7842832B4160062508A /* circularDoubleLinkedList */,
				C904E5DA28300320009834DB /* linked_list */,
				C904E5D3283002A5009834DB /* main.cpp */,
			);
			path = data_structures;
			sourceTree = "<group>";
		};
		C904E5DA28300320009834DB /* linked_list */ = {
			isa = PBXGroup;
			children = (
				C904E5DF28302279009834DB /* book */,
				C904E5DB28300330009834DB /* linkedList.cpp */,
				C904E5DC28300330009834DB /* linkedList.hpp */,
				C904E5DE28301AED009834DB /* main.cpp */,
			);
			path = linked_list;
			sourceTree = "<group>";
		};
		C904E5DF28302279009834DB /* book */ = {
			isa = PBXGroup;
			children = (
				C904E5E42830344F009834DB /* unorderedLinkedList.hpp */,
				C904E5E728304075009834DB /* linkedListMastered.hpp */,
			);
			path = book;
			sourceTree = "<group>";
		};
		C976FB472830567E00709BAB /* recursion */ = {
			isa = PBXGroup;
			children = (
				C976FB482830567E00709BAB /* main.cpp */,
				C9E027892830F5080045B35A /* rec_algs.h */,
			);
			path = recursion;
			sourceTree = "<group>";
		};
		C9B1514F283173BD00C5979C /* csv */ = {
			isa = PBXGroup;
			children = (
				C9B15155283173C400C5979C /* data */,
				C9B15150283173BD00C5979C /* main.cpp */,
				C9B15156283173E700C5979C /* readCsv.h */,
			);
			path = csv;
			sourceTree = "<group>";
		};
		C9B15155283173C400C5979C /* data */ = {
			isa = PBXGroup;
			children = (
				C9B151572831755C00C5979C /* iris.csv */,
			);
			path = data;
			sourceTree = "<group>";
		};
		C9E0278F283102F00045B35A /* stack */ = {
			isa = PBXGroup;
			children = (
				C9E02799283112E60045B35A /* highest_gpa */,
				C9E02790283102F00045B35A /* main.cpp */,
				C9E027962831030C0045B35A /* stackType.hpp */,
				C9E02798283111880045B35A /* stackADT.h */,
			);
			path = stack;
			sourceTree = "<group>";
		};
		C9E02799283112E60045B35A /* highest_gpa */ = {
			isa = PBXGroup;
			children = (
				C9E0279A2831131A0045B35A /* gpa.cpp */,
				C9E0279D283113630045B35A /* input.txt */,
				C9E0279E2831137F0045B35A /* Readme.md */,
			);
			path = highest_gpa;
			sourceTree = "<group>";
		};
		C9E027A428311B330045B35A /* queue */ = {
			isa = PBXGroup;
			children = (
				C9E027A528311B330045B35A /* main.cpp */,
			);
			path = queue;
			sourceTree = "<group>";
		};
		C9E7B7842832B4160062508A /* circularDoubleLinkedList */ = {
			isa = PBXGroup;
			children = (
				C9E7B7852832B4460062508A /* circularDoubleLinkedList.cpp */,
				C9E7B7862832B4460062508A /* circularDoubleLinkedList.hpp */,
			);
			path = circularDoubleLinkedList;
			sourceTree = "<group>";
		};
/* End PBXGroup section */

/* Begin PBXNativeTarget section */
		C904E5CF283002A5009834DB /* linked_list */ = {
			isa = PBXNativeTarget;
			buildConfigurationList = C904E5D7283002A5009834DB /* Build configuration list for PBXNativeTarget "linked_list" */;
			buildPhases = (
				C904E5CC283002A5009834DB /* Sources */,
				C904E5CD283002A5009834DB /* Frameworks */,
				C904E5CE283002A5009834DB /* CopyFiles */,
			);
			buildRules = (
			);
			dependencies = (
			);
			name = linked_list;
			productName = data_structures;
			productReference = C904E5D0283002A5009834DB /* linked_list */;
			productType = "com.apple.product-type.tool";
		};
		C976FB452830567E00709BAB /* recursion */ = {
			isa = PBXNativeTarget;
			buildConfigurationList = C976FB4C2830567E00709BAB /* Build configuration list for PBXNativeTarget "recursion" */;
			buildPhases = (
				C976FB422830567E00709BAB /* Sources */,
				C976FB432830567E00709BAB /* Frameworks */,
				C976FB442830567E00709BAB /* CopyFiles */,
			);
			buildRules = (
			);
			dependencies = (
			);
			name = recursion;
			productName = tree;
			productReference = C976FB462830567E00709BAB /* recursion */;
			productType = "com.apple.product-type.tool";
		};
		C9B1514D283173BD00C5979C /* csv */ = {
			isa = PBXNativeTarget;
			buildConfigurationList = C9B15154283173BD00C5979C /* Build configuration list for PBXNativeTarget "csv" */;
			buildPhases = (
				C9B1514A283173BD00C5979C /* Sources */,
				C9B1514B283173BD00C5979C /* Frameworks */,
				C9B1514C283173BD00C5979C /* CopyFiles */,
			);
			buildRules = (
			);
			dependencies = (
			);
			name = csv;
			productName = csv;
			productReference = C9B1514E283173BD00C5979C /* csv */;
			productType = "com.apple.product-type.tool";
		};
		C9E0278D283102F00045B35A /* stack */ = {
			isa = PBXNativeTarget;
			buildConfigurationList = C9E02792283102F00045B35A /* Build configuration list for PBXNativeTarget "stack" */;
			buildPhases = (
				C9E0278A283102F00045B35A /* Sources */,
				C9E0278B283102F00045B35A /* Frameworks */,
				C9E0278C283102F00045B35A /* CopyFiles */,
			);
			buildRules = (
			);
			dependencies = (
			);
			name = stack;
			productName = stack;
			productReference = C9E0278E283102F00045B35A /* stack */;
			productType = "com.apple.product-type.tool";
		};
		C9E027A228311B330045B35A /* queue */ = {
			isa = PBXNativeTarget;
			buildConfigurationList = C9E027A728311B330045B35A /* Build configuration list for PBXNativeTarget "queue" */;
			buildPhases = (
				C9E0279F28311B330045B35A /* Sources */,
				C9E027A028311B330045B35A /* Frameworks */,
				C9E027A128311B330045B35A /* CopyFiles */,
			);
			buildRules = (
			);
			dependencies = (
			);
			name = queue;
			productName = queue;
			productReference = C9E027A328311B330045B35A /* queue */;
			productType = "com.apple.product-type.tool";
		};
/* End PBXNativeTarget section */

/* Begin PBXProject section */
		C904E5C8283002A5009834DB /* Project object */ = {
			isa = PBXProject;
			attributes = {
				BuildIndependentTargetsInParallel = 1;
				LastUpgradeCheck = 1320;
				TargetAttributes = {
					C904E5CF283002A5009834DB = {
						CreatedOnToolsVersion = 13.2.1;
					};
					C976FB452830567E00709BAB = {
						CreatedOnToolsVersion = 13.2.1;
					};
					C9B1514D283173BD00C5979C = {
						CreatedOnToolsVersion = 13.2.1;
					};
					C9E0278D283102F00045B35A = {
						CreatedOnToolsVersion = 13.2.1;
					};
					C9E027A228311B330045B35A = {
						CreatedOnToolsVersion = 13.2.1;
					};
				};
			};
			buildConfigurationList = C904E5CB283002A5009834DB /* Build configuration list for PBXProject "data_structures" */;
			compatibilityVersion = "Xcode 13.0";
			developmentRegion = en;
			hasScannedForEncodings = 0;
			knownRegions = (
				en,
				Base,
			);
			mainGroup = C904E5C7283002A5009834DB;
			productRefGroup = C904E5D1283002A5009834DB /* Products */;
			projectDirPath = "";
			projectRoot = "";
			targets = (
				C904E5CF283002A5009834DB /* linked_list */,
				C976FB452830567E00709BAB /* recursion */,
				C9E0278D283102F00045B35A /* stack */,
				C9E027A228311B330045B35A /* queue */,
				C9B1514D283173BD00C5979C /* csv */,
			);
		};
/* End PBXProject section */

/* Begin PBXSourcesBuildPhase section */
		C904E5CC283002A5009834DB /* Sources */ = {
			isa = PBXSourcesBuildPhase;
			buildActionMask = 2147483647;
			files = (
				C9E7B7872832B4460062508A /* circularDoubleLinkedList.cpp in Sources */,
				C904E5DD28300330009834DB /* linkedList.cpp in Sources */,
				C904E5D4283002A5009834DB /* main.cpp in Sources */,
			);
			runOnlyForDeploymentPostprocessing = 0;
		};
		C976FB422830567E00709BAB /* Sources */ = {
			isa = PBXSourcesBuildPhase;
			buildActionMask = 2147483647;
			files = (
				C976FB492830567E00709BAB /* main.cpp in Sources */,
			);
			runOnlyForDeploymentPostprocessing = 0;
		};
		C9B1514A283173BD00C5979C /* Sources */ = {
			isa = PBXSourcesBuildPhase;
			buildActionMask = 2147483647;
			files = (
				C9B15151283173BD00C5979C /* main.cpp in Sources */,
			);
			runOnlyForDeploymentPostprocessing = 0;
		};
		C9E0278A283102F00045B35A /* Sources */ = {
			isa = PBXSourcesBuildPhase;
			buildActionMask = 2147483647;
			files = (
				C9E0279C2831131A0045B35A /* gpa.cpp in Sources */,
				C9E02791283102F00045B35A /* main.cpp in Sources */,
			);
			runOnlyForDeploymentPostprocessing = 0;
		};
		C9E0279F28311B330045B35A /* Sources */ = {
			isa = PBXSourcesBuildPhase;
			buildActionMask = 2147483647;
			files = (
				C9E027A628311B330045B35A /* main.cpp in Sources */,
			);
			runOnlyForDeploymentPostprocessing = 0;
		};
/* End PBXSourcesBuildPhase section */

/* Begin XCBuildConfiguration section */
		C904E5D5283002A5009834DB /* Debug */ = {
			isa = XCBuildConfiguration;
			buildSettings = {
				ALWAYS_SEARCH_USER_PATHS = NO;
				CLANG_ANALYZER_NONNULL = YES;
				CLANG_ANALYZER_NUMBER_OBJECT_CONVERSION = YES_AGGRESSIVE;
				CLANG_CXX_LANGUAGE_STANDARD = "gnu++17";
				CLANG_CXX_LIBRARY = "libc++";
				CLANG_ENABLE_MODULES = YES;
				CLANG_ENABLE_OBJC_ARC = YES;
				CLANG_ENABLE_OBJC_WEAK = YES;
				CLANG_WARN_BLOCK_CAPTURE_AUTORELEASING = YES;
				CLANG_WARN_BOOL_CONVERSION = YES;
				CLANG_WARN_COMMA = YES;
				CLANG_WARN_CONSTANT_CONVERSION = YES;
				CLANG_WARN_DEPRECATED_OBJC_IMPLEMENTATIONS = YES;
				CLANG_WARN_DIRECT_OBJC_ISA_USAGE = YES_ERROR;
				CLANG_WARN_DOCUMENTATION_COMMENTS = YES;
				CLANG_WARN_EMPTY_BODY = YES;
				CLANG_WARN_ENUM_CONVERSION = YES;
				CLANG_WARN_INFINITE_RECURSION = YES;
				CLANG_WARN_INT_CONVERSION = YES;
				CLANG_WARN_NON_LITERAL_NULL_CONVERSION = YES;
				CLANG_WARN_OBJC_IMPLICIT_RETAIN_SELF = YES;
				CLANG_WARN_OBJC_LITERAL_CONVERSION = YES;
				CLANG_WARN_OBJC_ROOT_CLASS = YES_ERROR;
				CLANG_WARN_QUOTED_INCLUDE_IN_FRAMEWORK_HEADER = YES;
				CLANG_WARN_RANGE_LOOP_ANALYSIS = YES;
				CLANG_WARN_STRICT_PROTOTYPES = YES;
				CLANG_WARN_SUSPICIOUS_MOVE = YES;
				CLANG_WARN_UNGUARDED_AVAILABILITY = YES_AGGRESSIVE;
				CLANG_WARN_UNREACHABLE_CODE = YES;
				CLANG_WARN__DUPLICATE_METHOD_MATCH = YES;
				COPY_PHASE_STRIP = NO;
				DEBUG_INFORMATION_FORMAT = dwarf;
				ENABLE_STRICT_OBJC_MSGSEND = YES;
				ENABLE_TESTABILITY = YES;
				GCC_C_LANGUAGE_STANDARD = gnu11;
				GCC_DYNAMIC_NO_PIC = NO;
				GCC_NO_COMMON_BLOCKS = YES;
				GCC_OPTIMIZATION_LEVEL = 0;
				GCC_PREPROCESSOR_DEFINITIONS = (
					"DEBUG=1",
					"$(inherited)",
				);
				GCC_WARN_64_TO_32_BIT_CONVERSION = YES;
				GCC_WARN_ABOUT_RETURN_TYPE = YES_ERROR;
				GCC_WARN_UNDECLARED_SELECTOR = YES;
				GCC_WARN_UNINITIALIZED_AUTOS = YES_AGGRESSIVE;
				GCC_WARN_UNUSED_FUNCTION = YES;
				GCC_WARN_UNUSED_VARIABLE = YES;
				MACOSX_DEPLOYMENT_TARGET = 12.1;
				MTL_ENABLE_DEBUG_INFO = INCLUDE_SOURCE;
				MTL_FAST_MATH = YES;
				ONLY_ACTIVE_ARCH = YES;
				SDKROOT = macosx;
			};
			name = Debug;
		};
		C904E5D6283002A5009834DB /* Release */ = {
			isa = XCBuildConfiguration;
			buildSettings = {
				ALWAYS_SEARCH_USER_PATHS = NO;
				CLANG_ANALYZER_NONNULL = YES;
				CLANG_ANALYZER_NUMBER_OBJECT_CONVERSION = YES_AGGRESSIVE;
				CLANG_CXX_LANGUAGE_STANDARD = "gnu++17";
				CLANG_CXX_LIBRARY = "libc++";
				CLANG_ENABLE_MODULES = YES;
				CLANG_ENABLE_OBJC_ARC = YES;
				CLANG_ENABLE_OBJC_WEAK = YES;
				CLANG_WARN_BLOCK_CAPTURE_AUTORELEASING = YES;
				CLANG_WARN_BOOL_CONVERSION = YES;
				CLANG_WARN_COMMA = YES;
				CLANG_WARN_CONSTANT_CONVERSION = YES;
				CLANG_WARN_DEPRECATED_OBJC_IMPLEMENTATIONS = YES;
				CLANG_WARN_DIRECT_OBJC_ISA_USAGE = YES_ERROR;
				CLANG_WARN_DOCUMENTATION_COMMENTS = YES;
				CLANG_WARN_EMPTY_BODY = YES;
				CLANG_WARN_ENUM_CONVERSION = YES;
				CLANG_WARN_INFINITE_RECURSION = YES;
				CLANG_WARN_INT_CONVERSION = YES;
				CLANG_WARN_NON_LITERAL_NULL_CONVERSION = YES;
				CLANG_WARN_OBJC_IMPLICIT_RETAIN_SELF = YES;
				CLANG_WARN_OBJC_LITERAL_CONVERSION = YES;
				CLANG_WARN_OBJC_ROOT_CLASS = YES_ERROR;
				CLANG_WARN_QUOTED_INCLUDE_IN_FRAMEWORK_HEADER = YES;
				CLANG_WARN_RANGE_LOOP_ANALYSIS = YES;
				CLANG_WARN_STRICT_PROTOTYPES = YES;
				CLANG_WARN_SUSPICIOUS_MOVE = YES;
				CLANG_WARN_UNGUARDED_AVAILABILITY = YES_AGGRESSIVE;
				CLANG_WARN_UNREACHABLE_CODE = YES;
				CLANG_WARN__DUPLICATE_METHOD_MATCH = YES;
				COPY_PHASE_STRIP = NO;
				DEBUG_INFORMATION_FORMAT = "dwarf-with-dsym";
				ENABLE_NS_ASSERTIONS = NO;
				ENABLE_STRICT_OBJC_MSGSEND = YES;
				GCC_C_LANGUAGE_STANDARD = gnu11;
				GCC_NO_COMMON_BLOCKS = YES;
				GCC_WARN_64_TO_32_BIT_CONVERSION = YES;
				GCC_WARN_ABOUT_RETURN_TYPE = YES_ERROR;
				GCC_WARN_UNDECLARED_SELECTOR = YES;
				GCC_WARN_UNINITIALIZED_AUTOS = YES_AGGRESSIVE;
				GCC_WARN_UNUSED_FUNCTION = YES;
				GCC_WARN_UNUSED_VARIABLE = YES;
				MACOSX_DEPLOYMENT_TARGET = 12.1;
				MTL_ENABLE_DEBUG_INFO = NO;
				MTL_FAST_MATH = YES;
				SDKROOT = macosx;
			};
			name = Release;
		};
		C904E5D8283002A5009834DB /* Debug */ = {
			isa = XCBuildConfiguration;
			buildSettings = {
				CLANG_CXX_LANGUAGE_STANDARD = "c++20";
				CODE_SIGN_IDENTITY = "-";
				CODE_SIGN_STYLE = Automatic;
				DEVELOPMENT_TEAM = 7Y5Y57S8NH;
				ENABLE_HARDENED_RUNTIME = YES;
				PRODUCT_NAME = "$(TARGET_NAME)";
			};
			name = Debug;
		};
		C904E5D9283002A5009834DB /* Release */ = {
			isa = XCBuildConfiguration;
			buildSettings = {
				CLANG_CXX_LANGUAGE_STANDARD = "c++20";
				CODE_SIGN_IDENTITY = "-";
				CODE_SIGN_STYLE = Automatic;
				DEVELOPMENT_TEAM = 7Y5Y57S8NH;
				ENABLE_HARDENED_RUNTIME = YES;
				PRODUCT_NAME = "$(TARGET_NAME)";
			};
			name = Release;
		};
		C976FB4A2830567E00709BAB /* Debug */ = {
			isa = XCBuildConfiguration;
			buildSettings = {
				CODE_SIGN_IDENTITY = "-";
				CODE_SIGN_STYLE = Automatic;
				DEVELOPMENT_TEAM = 7Y5Y57S8NH;
				ENABLE_HARDENED_RUNTIME = YES;
				PRODUCT_NAME = "$(TARGET_NAME)";
			};
			name = Debug;
		};
		C976FB4B2830567E00709BAB /* Release */ = {
			isa = XCBuildConfiguration;
			buildSettings = {
				CODE_SIGN_IDENTITY = "-";
				CODE_SIGN_STYLE = Automatic;
				DEVELOPMENT_TEAM = 7Y5Y57S8NH;
				ENABLE_HARDENED_RUNTIME = YES;
				PRODUCT_NAME = "$(TARGET_NAME)";
			};
			name = Release;
		};
		C9B15152283173BD00C5979C /* Debug */ = {
			isa = XCBuildConfiguration;
			buildSettings = {
				CODE_SIGN_STYLE = Manual;
				DEVELOPMENT_TEAM = "";
				ENABLE_HARDENED_RUNTIME = YES;
				PRODUCT_NAME = "$(TARGET_NAME)";
				PROVISIONING_PROFILE_SPECIFIER = "";
			};
			name = Debug;
		};
		C9B15153283173BD00C5979C /* Release */ = {
			isa = XCBuildConfiguration;
			buildSettings = {
				CODE_SIGN_STYLE = Manual;
				DEVELOPMENT_TEAM = "";
				ENABLE_HARDENED_RUNTIME = YES;
				PRODUCT_NAME = "$(TARGET_NAME)";
				PROVISIONING_PROFILE_SPECIFIER = "";
			};
			name = Release;
		};
		C9E02793283102F00045B35A /* Debug */ = {
			isa = XCBuildConfiguration;
			buildSettings = {
				CODE_SIGN_IDENTITY = "-";
				CODE_SIGN_STYLE = Manual;
				DEVELOPMENT_TEAM = "";
				ENABLE_HARDENED_RUNTIME = YES;
				PRODUCT_NAME = "$(TARGET_NAME)";
				PROVISIONING_PROFILE_SPECIFIER = "";
			};
			name = Debug;
		};
		C9E02794283102F00045B35A /* Release */ = {
			isa = XCBuildConfiguration;
			buildSettings = {
				CODE_SIGN_IDENTITY = "-";
				CODE_SIGN_STYLE = Manual;
				DEVELOPMENT_TEAM = "";
				ENABLE_HARDENED_RUNTIME = YES;
				PRODUCT_NAME = "$(TARGET_NAME)";
				PROVISIONING_PROFILE_SPECIFIER = "";
			};
			name = Release;
		};
		C9E027A828311B330045B35A /* Debug */ = {
			isa = XCBuildConfiguration;
			buildSettings = {
				CODE_SIGN_STYLE = Automatic;
				DEVELOPMENT_TEAM = 7Y5Y57S8NH;
				ENABLE_HARDENED_RUNTIME = YES;
				PRODUCT_NAME = "$(TARGET_NAME)";
			};
			name = Debug;
		};
		C9E027A928311B330045B35A /* Release */ = {
			isa = XCBuildConfiguration;
			buildSettings = {
				CODE_SIGN_STYLE = Automatic;
				DEVELOPMENT_TEAM = 7Y5Y57S8NH;
				ENABLE_HARDENED_RUNTIME = YES;
				PRODUCT_NAME = "$(TARGET_NAME)";
			};
			name = Release;
		};
/* End XCBuildConfiguration section */

/* Begin XCConfigurationList section */
		C904E5CB283002A5009834DB /* Build configuration list for PBXProject "data_structures" */ = {
			isa = XCConfigurationList;
			buildConfigurations = (
				C904E5D5283002A5009834DB /* Debug */,
				C904E5D6283002A5009834DB /* Release */,
			);
			defaultConfigurationIsVisible = 0;
			defaultConfigurationName = Release;
		};
		C904E5D7283002A5009834DB /* Build configuration list for PBXNativeTarget "linked_list" */ = {
			isa = XCConfigurationList;
			buildConfigurations = (
				C904E5D8283002A5009834DB /* Debug */,
				C904E5D9283002A5009834DB /* Release */,
			);
			defaultConfigurationIsVisible = 0;
			defaultConfigurationName = Release;
		};
		C976FB4C2830567E00709BAB /* Build configuration list for PBXNativeTarget "recursion" */ = {
			isa = XCConfigurationList;
			buildConfigurations = (
				C976FB4A2830567E00709BAB /* Debug */,
				C976FB4B2830567E00709BAB /* Release */,
			);
			defaultConfigurationIsVisible = 0;
			defaultConfigurationName = Release;
		};
		C9B15154283173BD00C5979C /* Build configuration list for PBXNativeTarget "csv" */ = {
			isa = XCConfigurationList;
			buildConfigurations = (
				C9B15152283173BD00C5979C /* Debug */,
				C9B15153283173BD00C5979C /* Release */,
			);
			defaultConfigurationIsVisible = 0;
			defaultConfigurationName = Release;
		};
		C9E02792283102F00045B35A /* Build configuration list for PBXNativeTarget "stack" */ = {
			isa = XCConfigurationList;
			buildConfigurations = (
				C9E02793283102F00045B35A /* Debug */,
				C9E02794283102F00045B35A /* Release */,
			);
			defaultConfigurationIsVisible = 0;
			defaultConfigurationName = Release;
		};
		C9E027A728311B330045B35A /* Build configuration list for PBXNativeTarget "queue" */ = {
			isa = XCConfigurationList;
			buildConfigurations = (
				C9E027A828311B330045B35A /* Debug */,
				C9E027A928311B330045B35A /* Release */,
			);
			defaultConfigurationIsVisible = 0;
			defaultConfigurationName = Release;
		};
/* End XCConfigurationList section */
	};
	rootObject = C904E5C8283002A5009834DB /* Project object */;
}
